// !$*UTF8*$!
{
	archiveVersion = 1;
	classes = {
	};
	objectVersion = 50;
	objects = {

/* Begin PBXBuildFile section */
		1500E703256EBAC1007EC947 /* AppDelegate.swift in Sources */ = {isa = PBXBuildFile; fileRef = 1500E702256EBAC1007EC947 /* AppDelegate.swift */; };
		1500E705256EBAC1007EC947 /* LoginViewController.swift in Sources */ = {isa = PBXBuildFile; fileRef = 1500E704256EBAC1007EC947 /* LoginViewController.swift */; };
		1500E708256EBAC1007EC947 /* Main.storyboard in Resources */ = {isa = PBXBuildFile; fileRef = 1500E706256EBAC1007EC947 /* Main.storyboard */; };
		1500E70B256EBAC1007EC947 /* Hepatitis2020.xcdatamodeld in Sources */ = {isa = PBXBuildFile; fileRef = 1500E709256EBAC1007EC947 /* Hepatitis2020.xcdatamodeld */; };
		1500E70D256EBAC6007EC947 /* Assets.xcassets in Resources */ = {isa = PBXBuildFile; fileRef = 1500E70C256EBAC6007EC947 /* Assets.xcassets */; };
		1500E710256EBAC6007EC947 /* LaunchScreen.storyboard in Resources */ = {isa = PBXBuildFile; fileRef = 1500E70E256EBAC6007EC947 /* LaunchScreen.storyboard */; };
		1500E71B256EBAC6007EC947 /* Hepatitis2020Tests.swift in Sources */ = {isa = PBXBuildFile; fileRef = 1500E71A256EBAC6007EC947 /* Hepatitis2020Tests.swift */; };
		1500E726256EBAC7007EC947 /* Hepatitis2020UITests.swift in Sources */ = {isa = PBXBuildFile; fileRef = 1500E725256EBAC7007EC947 /* Hepatitis2020UITests.swift */; };
		1500E736256EBC0F007EC947 /* Paciente.swift in Sources */ = {isa = PBXBuildFile; fileRef = 1500E735256EBC0F007EC947 /* Paciente.swift */; };
		935D6E9A256ECCAE003C2BBF /* .gitignore in Resources */ = {isa = PBXBuildFile; fileRef = 935D6E99256ECCAE003C2BBF /* .gitignore */; };
/* End PBXBuildFile section */

/* Begin PBXContainerItemProxy section */
		1500E717256EBAC6007EC947 /* PBXContainerItemProxy */ = {
			isa = PBXContainerItemProxy;
			containerPortal = 1500E6F7256EBAC1007EC947 /* Project object */;
			proxyType = 1;
			remoteGlobalIDString = 1500E6FE256EBAC1007EC947;
			remoteInfo = Hepatitis2020;
		};
		1500E722256EBAC7007EC947 /* PBXContainerItemProxy */ = {
			isa = PBXContainerItemProxy;
			containerPortal = 1500E6F7256EBAC1007EC947 /* Project object */;
			proxyType = 1;
			remoteGlobalIDString = 1500E6FE256EBAC1007EC947;
			remoteInfo = Hepatitis2020;
		};
/* End PBXContainerItemProxy section */

/* Begin PBXFileReference section */
		1500E6FF256EBAC1007EC947 /* Hepatitis2020.app */ = {isa = PBXFileReference; explicitFileType = wrapper.application; includeInIndex = 0; path = Hepatitis2020.app; sourceTree = BUILT_PRODUCTS_DIR; };
		1500E702256EBAC1007EC947 /* AppDelegate.swift */ = {isa = PBXFileReference; lastKnownFileType = sourcecode.swift; path = AppDelegate.swift; sourceTree = "<group>"; };
		1500E704256EBAC1007EC947 /* LoginViewController.swift */ = {isa = PBXFileReference; lastKnownFileType = sourcecode.swift; path = LoginViewController.swift; sourceTree = "<group>"; };
		1500E707256EBAC1007EC947 /* Base */ = {isa = PBXFileReference; lastKnownFileType = file.storyboard; name = Base; path = Base.lproj/Main.storyboard; sourceTree = "<group>"; };
		1500E70A256EBAC1007EC947 /* Hepatitis2020.xcdatamodel */ = {isa = PBXFileReference; lastKnownFileType = wrapper.xcdatamodel; path = Hepatitis2020.xcdatamodel; sourceTree = "<group>"; };
		1500E70C256EBAC6007EC947 /* Assets.xcassets */ = {isa = PBXFileReference; lastKnownFileType = folder.assetcatalog; path = Assets.xcassets; sourceTree = "<group>"; };
		1500E70F256EBAC6007EC947 /* Base */ = {isa = PBXFileReference; lastKnownFileType = file.storyboard; name = Base; path = Base.lproj/LaunchScreen.storyboard; sourceTree = "<group>"; };
		1500E711256EBAC6007EC947 /* Info.plist */ = {isa = PBXFileReference; lastKnownFileType = text.plist.xml; path = Info.plist; sourceTree = "<group>"; };
		1500E716256EBAC6007EC947 /* Hepatitis2020Tests.xctest */ = {isa = PBXFileReference; explicitFileType = wrapper.cfbundle; includeInIndex = 0; path = Hepatitis2020Tests.xctest; sourceTree = BUILT_PRODUCTS_DIR; };
		1500E71A256EBAC6007EC947 /* Hepatitis2020Tests.swift */ = {isa = PBXFileReference; lastKnownFileType = sourcecode.swift; path = Hepatitis2020Tests.swift; sourceTree = "<group>"; };
		1500E71C256EBAC6007EC947 /* Info.plist */ = {isa = PBXFileReference; lastKnownFileType = text.plist.xml; path = Info.plist; sourceTree = "<group>"; };
		1500E721256EBAC7007EC947 /* Hepatitis2020UITests.xctest */ = {isa = PBXFileReference; explicitFileType = wrapper.cfbundle; includeInIndex = 0; path = Hepatitis2020UITests.xctest; sourceTree = BUILT_PRODUCTS_DIR; };
		1500E725256EBAC7007EC947 /* Hepatitis2020UITests.swift */ = {isa = PBXFileReference; lastKnownFileType = sourcecode.swift; path = Hepatitis2020UITests.swift; sourceTree = "<group>"; };
		1500E727256EBAC7007EC947 /* Info.plist */ = {isa = PBXFileReference; lastKnownFileType = text.plist.xml; path = Info.plist; sourceTree = "<group>"; };
		1500E735256EBC0F007EC947 /* Paciente.swift */ = {isa = PBXFileReference; lastKnownFileType = sourcecode.swift; path = Paciente.swift; sourceTree = "<group>"; };
		935D6E99256ECCAE003C2BBF /* .gitignore */ = {isa = PBXFileReference; lastKnownFileType = text; path = .gitignore; sourceTree = "<group>"; };
/* End PBXFileReference section */

/* Begin PBXFrameworksBuildPhase section */
		1500E6FC256EBAC1007EC947 /* Frameworks */ = {
			isa = PBXFrameworksBuildPhase;
			buildActionMask = 2147483647;
			files = (
			);
			runOnlyForDeploymentPostprocessing = 0;
		};
		1500E713256EBAC6007EC947 /* Frameworks */ = {
			isa = PBXFrameworksBuildPhase;
			buildActionMask = 2147483647;
			files = (
			);
			runOnlyForDeploymentPostprocessing = 0;
		};
		1500E71E256EBAC7007EC947 /* Frameworks */ = {
			isa = PBXFrameworksBuildPhase;
			buildActionMask = 2147483647;
			files = (
			);
			runOnlyForDeploymentPostprocessing = 0;
		};
/* End PBXFrameworksBuildPhase section */

/* Begin PBXGroup section */
		1500E6F6256EBAC1007EC947 = {
			isa = PBXGroup;
			children = (
				935D6E99256ECCAE003C2BBF /* .gitignore */,
				1500E701256EBAC1007EC947 /* Hepatitis2020 */,
				1500E719256EBAC6007EC947 /* Hepatitis2020Tests */,
				1500E734256EBBE5007EC947 /* Class */,
				1500E724256EBAC7007EC947 /* Hepatitis2020UITests */,
				1500E700256EBAC1007EC947 /* Products */,
			);
			sourceTree = "<group>";
		};
		1500E700256EBAC1007EC947 /* Products */ = {
			isa = PBXGroup;
			children = (
				1500E6FF256EBAC1007EC947 /* Hepatitis2020.app */,
				1500E716256EBAC6007EC947 /* Hepatitis2020Tests.xctest */,
				1500E721256EBAC7007EC947 /* Hepatitis2020UITests.xctest */,
			);
			name = Products;
			sourceTree = "<group>";
		};
		1500E701256EBAC1007EC947 /* Hepatitis2020 */ = {
			isa = PBXGroup;
			children = (
				1500E702256EBAC1007EC947 /* AppDelegate.swift */,
				1500E704256EBAC1007EC947 /* LoginViewController.swift */,
				1500E706256EBAC1007EC947 /* Main.storyboard */,
				1500E70C256EBAC6007EC947 /* Assets.xcassets */,
				1500E70E256EBAC6007EC947 /* LaunchScreen.storyboard */,
				1500E711256EBAC6007EC947 /* Info.plist */,
				1500E709256EBAC1007EC947 /* Hepatitis2020.xcdatamodeld */,
			);
			path = Hepatitis2020;
			sourceTree = "<group>";
		};
		1500E719256EBAC6007EC947 /* Hepatitis2020Tests */ = {
			isa = PBXGroup;
			children = (
				1500E71A256EBAC6007EC947 /* Hepatitis2020Tests.swift */,
				1500E71C256EBAC6007EC947 /* Info.plist */,
			);
			path = Hepatitis2020Tests;
			sourceTree = "<group>";
		};
		1500E724256EBAC7007EC947 /* Hepatitis2020UITests */ = {
			isa = PBXGroup;
			children = (
				1500E725256EBAC7007EC947 /* Hepatitis2020UITests.swift */,
				1500E727256EBAC7007EC947 /* Info.plist */,
			);
			path = Hepatitis2020UITests;
			sourceTree = "<group>";
		};
		1500E734256EBBE5007EC947 /* Class */ = {
			isa = PBXGroup;
			children = (
				1500E735256EBC0F007EC947 /* Paciente.swift */,
			);
			path = Class;
			sourceTree = "<group>";
		};
/* End PBXGroup section */

/* Begin PBXNativeTarget section */
		1500E6FE256EBAC1007EC947 /* Hepatitis2020 */ = {
			isa = PBXNativeTarget;
			buildConfigurationList = 1500E72A256EBAC7007EC947 /* Build configuration list for PBXNativeTarget "Hepatitis2020" */;
			buildPhases = (
				1500E6FB256EBAC1007EC947 /* Sources */,
				1500E6FC256EBAC1007EC947 /* Frameworks */,
				1500E6FD256EBAC1007EC947 /* Resources */,
			);
			buildRules = (
			);
			dependencies = (
			);
			name = Hepatitis2020;
			productName = Hepatitis2020;
			productReference = 1500E6FF256EBAC1007EC947 /* Hepatitis2020.app */;
			productType = "com.apple.product-type.application";
		};
		1500E715256EBAC6007EC947 /* Hepatitis2020Tests */ = {
			isa = PBXNativeTarget;
			buildConfigurationList = 1500E72D256EBAC7007EC947 /* Build configuration list for PBXNativeTarget "Hepatitis2020Tests" */;
			buildPhases = (
				1500E712256EBAC6007EC947 /* Sources */,
				1500E713256EBAC6007EC947 /* Frameworks */,
				1500E714256EBAC6007EC947 /* Resources */,
			);
			buildRules = (
			);
			dependencies = (
				1500E718256EBAC6007EC947 /* PBXTargetDependency */,
			);
			name = Hepatitis2020Tests;
			productName = Hepatitis2020Tests;
			productReference = 1500E716256EBAC6007EC947 /* Hepatitis2020Tests.xctest */;
			productType = "com.apple.product-type.bundle.unit-test";
		};
		1500E720256EBAC7007EC947 /* Hepatitis2020UITests */ = {
			isa = PBXNativeTarget;
			buildConfigurationList = 1500E730256EBAC7007EC947 /* Build configuration list for PBXNativeTarget "Hepatitis2020UITests" */;
			buildPhases = (
				1500E71D256EBAC7007EC947 /* Sources */,
				1500E71E256EBAC7007EC947 /* Frameworks */,
				1500E71F256EBAC7007EC947 /* Resources */,
			);
			buildRules = (
			);
			dependencies = (
				1500E723256EBAC7007EC947 /* PBXTargetDependency */,
			);
			name = Hepatitis2020UITests;
			productName = Hepatitis2020UITests;
			productReference = 1500E721256EBAC7007EC947 /* Hepatitis2020UITests.xctest */;
			productType = "com.apple.product-type.bundle.ui-testing";
		};
/* End PBXNativeTarget section */

/* Begin PBXProject section */
		1500E6F7256EBAC1007EC947 /* Project object */ = {
			isa = PBXProject;
			attributes = {
				LastSwiftUpdateCheck = 1010;
				LastUpgradeCheck = 1010;
				ORGANIZATIONNAME = ual;
				TargetAttributes = {
					1500E6FE256EBAC1007EC947 = {
						CreatedOnToolsVersion = 10.1;
					};
					1500E715256EBAC6007EC947 = {
						CreatedOnToolsVersion = 10.1;
						TestTargetID = 1500E6FE256EBAC1007EC947;
					};
					1500E720256EBAC7007EC947 = {
						CreatedOnToolsVersion = 10.1;
						TestTargetID = 1500E6FE256EBAC1007EC947;
					};
				};
			};
			buildConfigurationList = 1500E6FA256EBAC1007EC947 /* Build configuration list for PBXProject "Hepatitis2020" */;
			compatibilityVersion = "Xcode 9.3";
			developmentRegion = en;
			hasScannedForEncodings = 0;
			knownRegions = (
				en,
				Base,
			);
			mainGroup = 1500E6F6256EBAC1007EC947;
			productRefGroup = 1500E700256EBAC1007EC947 /* Products */;
			projectDirPath = "";
			projectRoot = "";
			targets = (
				1500E6FE256EBAC1007EC947 /* Hepatitis2020 */,
				1500E715256EBAC6007EC947 /* Hepatitis2020Tests */,
				1500E720256EBAC7007EC947 /* Hepatitis2020UITests */,
			);
		};
/* End PBXProject section */

/* Begin PBXResourcesBuildPhase section */
		1500E6FD256EBAC1007EC947 /* Resources */ = {
			isa = PBXResourcesBuildPhase;
			buildActionMask = 2147483647;
			files = (
				935D6E9A256ECCAE003C2BBF /* .gitignore in Resources */,
				1500E710256EBAC6007EC947 /* LaunchScreen.storyboard in Resources */,
				1500E70D256EBAC6007EC947 /* Assets.xcassets in Resources */,
				1500E708256EBAC1007EC947 /* Main.storyboard in Resources */,
			);
			runOnlyForDeploymentPostprocessing = 0;
		};
		1500E714256EBAC6007EC947 /* Resources */ = {
			isa = PBXResourcesBuildPhase;
			buildActionMask = 2147483647;
			files = (
			);
			runOnlyForDeploymentPostprocessing = 0;
		};
		1500E71F256EBAC7007EC947 /* Resources */ = {
			isa = PBXResourcesBuildPhase;
			buildActionMask = 2147483647;
			files = (
			);
			runOnlyForDeploymentPostprocessing = 0;
		};
/* End PBXResourcesBuildPhase section */

/* Begin PBXSourcesBuildPhase section */
		1500E6FB256EBAC1007EC947 /* Sources */ = {
			isa = PBXSourcesBuildPhase;
			buildActionMask = 2147483647;
			files = (
				1500E70B256EBAC1007EC947 /* Hepatitis2020.xcdatamodeld in Sources */,
				1500E705256EBAC1007EC947 /* LoginViewController.swift in Sources */,
				1500E736256EBC0F007EC947 /* Paciente.swift in Sources */,
				1500E703256EBAC1007EC947 /* AppDelegate.swift in Sources */,
			);
			runOnlyForDeploymentPostprocessing = 0;
		};
		1500E712256EBAC6007EC947 /* Sources */ = {
			isa = PBXSourcesBuildPhase;
			buildActionMask = 2147483647;
			files = (
				1500E71B256EBAC6007EC947 /* Hepatitis2020Tests.swift in Sources */,
			);
			runOnlyForDeploymentPostprocessing = 0;
		};
		1500E71D256EBAC7007EC947 /* Sources */ = {
			isa = PBXSourcesBuildPhase;
			buildActionMask = 2147483647;
			files = (
				1500E726256EBAC7007EC947 /* Hepatitis2020UITests.swift in Sources */,
			);
			runOnlyForDeploymentPostprocessing = 0;
		};
/* End PBXSourcesBuildPhase section */

/* Begin PBXTargetDependency section */
		1500E718256EBAC6007EC947 /* PBXTargetDependency */ = {
			isa = PBXTargetDependency;
			target = 1500E6FE256EBAC1007EC947 /* Hepatitis2020 */;
			targetProxy = 1500E717256EBAC6007EC947 /* PBXContainerItemProxy */;
		};
		1500E723256EBAC7007EC947 /* PBXTargetDependency */ = {
			isa = PBXTargetDependency;
			target = 1500E6FE256EBAC1007EC947 /* Hepatitis2020 */;
			targetProxy = 1500E722256EBAC7007EC947 /* PBXContainerItemProxy */;
		};
/* End PBXTargetDependency section */

/* Begin PBXVariantGroup section */
		1500E706256EBAC1007EC947 /* Main.storyboard */ = {
			isa = PBXVariantGroup;
			children = (
				1500E707256EBAC1007EC947 /* Base */,
			);
			name = Main.storyboard;
			sourceTree = "<group>";
		};
		1500E70E256EBAC6007EC947 /* LaunchScreen.storyboard */ = {
			isa = PBXVariantGroup;
			children = (
				1500E70F256EBAC6007EC947 /* Base */,
			);
			name = LaunchScreen.storyboard;
			sourceTree = "<group>";
		};
/* End PBXVariantGroup section */

/* Begin XCBuildConfiguration section */
		1500E728256EBAC7007EC947 /* Debug */ = {
			isa = XCBuildConfiguration;
			buildSettings = {
				ALWAYS_SEARCH_USER_PATHS = NO;
				CLANG_ANALYZER_NONNULL = YES;
				CLANG_ANALYZER_NUMBER_OBJECT_CONVERSION = YES_AGGRESSIVE;
				CLANG_CXX_LANGUAGE_STANDARD = "gnu++14";
				CLANG_CXX_LIBRARY = "libc++";
				CLANG_ENABLE_MODULES = YES;
				CLANG_ENABLE_OBJC_ARC = YES;
				CLANG_ENABLE_OBJC_WEAK = YES;
				CLANG_WARN_BLOCK_CAPTURE_AUTORELEASING = YES;
				CLANG_WARN_BOOL_CONVERSION = YES;
				CLANG_WARN_COMMA = YES;
				CLANG_WARN_CONSTANT_CONVERSION = YES;
				CLANG_WARN_DEPRECATED_OBJC_IMPLEMENTATIONS = YES;
				CLANG_WARN_DIRECT_OBJC_ISA_USAGE = YES_ERROR;
				CLANG_WARN_DOCUMENTATION_COMMENTS = YES;
				CLANG_WARN_EMPTY_BODY = YES;
				CLANG_WARN_ENUM_CONVERSION = YES;
				CLANG_WARN_INFINITE_RECURSION = YES;
				CLANG_WARN_INT_CONVERSION = YES;
				CLANG_WARN_NON_LITERAL_NULL_CONVERSION = YES;
				CLANG_WARN_OBJC_IMPLICIT_RETAIN_SELF = YES;
				CLANG_WARN_OBJC_LITERAL_CONVERSION = YES;
				CLANG_WARN_OBJC_ROOT_CLASS = YES_ERROR;
				CLANG_WARN_RANGE_LOOP_ANALYSIS = YES;
				CLANG_WARN_STRICT_PROTOTYPES = YES;
				CLANG_WARN_SUSPICIOUS_MOVE = YES;
				CLANG_WARN_UNGUARDED_AVAILABILITY = YES_AGGRESSIVE;
				CLANG_WARN_UNREACHABLE_CODE = YES;
				CLANG_WARN__DUPLICATE_METHOD_MATCH = YES;
				CODE_SIGN_IDENTITY = "iPhone Developer";
				COPY_PHASE_STRIP = NO;
				DEBUG_INFORMATION_FORMAT = dwarf;
				ENABLE_STRICT_OBJC_MSGSEND = YES;
				ENABLE_TESTABILITY = YES;
				GCC_C_LANGUAGE_STANDARD = gnu11;
				GCC_DYNAMIC_NO_PIC = NO;
				GCC_NO_COMMON_BLOCKS = YES;
				GCC_OPTIMIZATION_LEVEL = 0;
				GCC_PREPROCESSOR_DEFINITIONS = (
					"DEBUG=1",
					"$(inherited)",
				);
				GCC_WARN_64_TO_32_BIT_CONVERSION = YES;
				GCC_WARN_ABOUT_RETURN_TYPE = YES_ERROR;
				GCC_WARN_UNDECLARED_SELECTOR = YES;
				GCC_WARN_UNINITIALIZED_AUTOS = YES_AGGRESSIVE;
				GCC_WARN_UNUSED_FUNCTION = YES;
				GCC_WARN_UNUSED_VARIABLE = YES;
				IPHONEOS_DEPLOYMENT_TARGET = 12.1;
				MTL_ENABLE_DEBUG_INFO = INCLUDE_SOURCE;
				MTL_FAST_MATH = YES;
				ONLY_ACTIVE_ARCH = YES;
				SDKROOT = iphoneos;
				SWIFT_ACTIVE_COMPILATION_CONDITIONS = DEBUG;
				SWIFT_OPTIMIZATION_LEVEL = "-Onone";
			};
			name = Debug;
		};
		1500E729256EBAC7007EC947 /* Release */ = {
			isa = XCBuildConfiguration;
			buildSettings = {
				ALWAYS_SEARCH_USER_PATHS = NO;
				CLANG_ANALYZER_NONNULL = YES;
				CLANG_ANALYZER_NUMBER_OBJECT_CONVERSION = YES_AGGRESSIVE;
				CLANG_CXX_LANGUAGE_STANDARD = "gnu++14";
				CLANG_CXX_LIBRARY = "libc++";
				CLANG_ENABLE_MODULES = YES;
				CLANG_ENABLE_OBJC_ARC = YES;
				CLANG_ENABLE_OBJC_WEAK = YES;
				CLANG_WARN_BLOCK_CAPTURE_AUTORELEASING = YES;
				CLANG_WARN_BOOL_CONVERSION = YES;
				CLANG_WARN_COMMA = YES;
				CLANG_WARN_CONSTANT_CONVERSION = YES;
				CLANG_WARN_DEPRECATED_OBJC_IMPLEMENTATIONS = YES;
				CLANG_WARN_DIRECT_OBJC_ISA_USAGE = YES_ERROR;
				CLANG_WARN_DOCUMENTATION_COMMENTS = YES;
				CLANG_WARN_EMPTY_BODY = YES;
				CLANG_WARN_ENUM_CONVERSION = YES;
				CLANG_WARN_INFINITE_RECURSION = YES;
				CLANG_WARN_INT_CONVERSION = YES;
				CLANG_WARN_NON_LITERAL_NULL_CONVERSION = YES;
				CLANG_WARN_OBJC_IMPLICIT_RETAIN_SELF = YES;
				CLANG_WARN_OBJC_LITERAL_CONVERSION = YES;
				CLANG_WARN_OBJC_ROOT_CLASS = YES_ERROR;
				CLANG_WARN_RANGE_LOOP_ANALYSIS = YES;
				CLANG_WARN_STRICT_PROTOTYPES = YES;
				CLANG_WARN_SUSPICIOUS_MOVE = YES;
				CLANG_WARN_UNGUARDED_AVAILABILITY = YES_AGGRESSIVE;
				CLANG_WARN_UNREACHABLE_CODE = YES;
				CLANG_WARN__DUPLICATE_METHOD_MATCH = YES;
				CODE_SIGN_IDENTITY = "iPhone Developer";
				COPY_PHASE_STRIP = NO;
				DEBUG_INFORMATION_FORMAT = "dwarf-with-dsym";
				ENABLE_NS_ASSERTIONS = NO;
				ENABLE_STRICT_OBJC_MSGSEND = YES;
				GCC_C_LANGUAGE_STANDARD = gnu11;
				GCC_NO_COMMON_BLOCKS = YES;
				GCC_WARN_64_TO_32_BIT_CONVERSION = YES;
				GCC_WARN_ABOUT_RETURN_TYPE = YES_ERROR;
				GCC_WARN_UNDECLARED_SELECTOR = YES;
				GCC_WARN_UNINITIALIZED_AUTOS = YES_AGGRESSIVE;
				GCC_WARN_UNUSED_FUNCTION = YES;
				GCC_WARN_UNUSED_VARIABLE = YES;
				IPHONEOS_DEPLOYMENT_TARGET = 12.1;
				MTL_ENABLE_DEBUG_INFO = NO;
				MTL_FAST_MATH = YES;
				SDKROOT = iphoneos;
				SWIFT_COMPILATION_MODE = wholemodule;
				SWIFT_OPTIMIZATION_LEVEL = "-O";
				VALIDATE_PRODUCT = YES;
			};
			name = Release;
		};
		1500E72B256EBAC7007EC947 /* Debug */ = {
			isa = XCBuildConfiguration;
			buildSettings = {
				ASSETCATALOG_COMPILER_APPICON_NAME = AppIcon;
				CODE_SIGN_STYLE = Automatic;
				INFOPLIST_FILE = Hepatitis2020/Info.plist;
				LD_RUNPATH_SEARCH_PATHS = (
					"$(inherited)",
					"@executable_path/Frameworks",
				);
				PRODUCT_BUNDLE_IDENTIFIER = ual.Hepatitis2020;
				PRODUCT_NAME = "$(TARGET_NAME)";
				SWIFT_VERSION = 4.2;
				TARGETED_DEVICE_FAMILY = "1,2";
			};
			name = Debug;
		};
		1500E72C256EBAC7007EC947 /* Release */ = {
			isa = XCBuildConfiguration;
			buildSettings = {
				ASSETCATALOG_COMPILER_APPICON_NAME = AppIcon;
				CODE_SIGN_STYLE = Automatic;
				INFOPLIST_FILE = Hepatitis2020/Info.plist;
				LD_RUNPATH_SEARCH_PATHS = (
					"$(inherited)",
					"@executable_path/Frameworks",
				);
				PRODUCT_BUNDLE_IDENTIFIER = ual.Hepatitis2020;
				PRODUCT_NAME = "$(TARGET_NAME)";
				SWIFT_VERSION = 4.2;
				TARGETED_DEVICE_FAMILY = "1,2";
			};
			name = Release;
		};
		1500E72E256EBAC7007EC947 /* Debug */ = {
			isa = XCBuildConfiguration;
			buildSettings = {
				ALWAYS_EMBED_SWIFT_STANDARD_LIBRARIES = YES;
				BUNDLE_LOADER = "$(TEST_HOST)";
				CODE_SIGN_STYLE = Automatic;
				INFOPLIST_FILE = Hepatitis2020Tests/Info.plist;
				LD_RUNPATH_SEARCH_PATHS = (
					"$(inherited)",
					"@executable_path/Frameworks",
					"@loader_path/Frameworks",
				);
				PRODUCT_BUNDLE_IDENTIFIER = ual.Hepatitis2020Tests;
				PRODUCT_NAME = "$(TARGET_NAME)";
				SWIFT_VERSION = 4.2;
				TARGETED_DEVICE_FAMILY = "1,2";
				TEST_HOST = "$(BUILT_PRODUCTS_DIR)/Hepatitis2020.app/Hepatitis2020";
			};
			name = Debug;
		};
		1500E72F256EBAC7007EC947 /* Release */ = {
			isa = XCBuildConfiguration;
			buildSettings = {
				ALWAYS_EMBED_SWIFT_STANDARD_LIBRARIES = YES;
				BUNDLE_LOADER = "$(TEST_HOST)";
				CODE_SIGN_STYLE = Automatic;
				INFOPLIST_FILE = Hepatitis2020Tests/Info.plist;
				LD_RUNPATH_SEARCH_PATHS = (
					"$(inherited)",
					"@executable_path/Frameworks",
					"@loader_path/Frameworks",
				);
				PRODUCT_BUNDLE_IDENTIFIER = ual.Hepatitis2020Tests;
				PRODUCT_NAME = "$(TARGET_NAME)";
				SWIFT_VERSION = 4.2;
				TARGETED_DEVICE_FAMILY = "1,2";
				TEST_HOST = "$(BUILT_PRODUCTS_DIR)/Hepatitis2020.app/Hepatitis2020";
			};
			name = Release;
		};
		1500E731256EBAC7007EC947 /* Debug */ = {
			isa = XCBuildConfiguration;
			buildSettings = {
				ALWAYS_EMBED_SWIFT_STANDARD_LIBRARIES = YES;
				CODE_SIGN_STYLE = Automatic;
				INFOPLIST_FILE = Hepatitis2020UITests/Info.plist;
				LD_RUNPATH_SEARCH_PATHS = (
					"$(inherited)",
					"@executable_path/Frameworks",
					"@loader_path/Frameworks",
				);
				PRODUCT_BUNDLE_IDENTIFIER = ual.Hepatitis2020UITests;
				PRODUCT_NAME = "$(TARGET_NAME)";
				SWIFT_VERSION = 4.2;
				TARGETED_DEVICE_FAMILY = "1,2";
				TEST_TARGET_NAME = Hepatitis2020;
			};
			name = Debug;
		};
		1500E732256EBAC7007EC947 /* Release */ = {
			isa = XCBuildConfiguration;
			buildSettings = {
				ALWAYS_EMBED_SWIFT_STANDARD_LIBRARIES = YES;
				CODE_SIGN_STYLE = Automatic;
				INFOPLIST_FILE = Hepatitis2020UITests/Info.plist;
				LD_RUNPATH_SEARCH_PATHS = (
					"$(inherited)",
					"@executable_path/Frameworks",
					"@loader_path/Frameworks",
				);
				PRODUCT_BUNDLE_IDENTIFIER = ual.Hepatitis2020UITests;
				PRODUCT_NAME = "$(TARGET_NAME)";
				SWIFT_VERSION = 4.2;
				TARGETED_DEVICE_FAMILY = "1,2";
				TEST_TARGET_NAME = Hepatitis2020;
			};
			name = Release;
		};
/* End XCBuildConfiguration section */

/* Begin XCConfigurationList section */
		1500E6FA256EBAC1007EC947 /* Build configuration list for PBXProject "Hepatitis2020" */ = {
			isa = XCConfigurationList;
			buildConfigurations = (
				1500E728256EBAC7007EC947 /* Debug */,
				1500E729256EBAC7007EC947 /* Release */,
			);
			defaultConfigurationIsVisible = 0;
			defaultConfigurationName = Release;
		};
		1500E72A256EBAC7007EC947 /* Build configuration list for PBXNativeTarget "Hepatitis2020" */ = {
			isa = XCConfigurationList;
			buildConfigurations = (
				1500E72B256EBAC7007EC947 /* Debug */,
				1500E72C256EBAC7007EC947 /* Release */,
			);
			defaultConfigurationIsVisible = 0;
			defaultConfigurationName = Release;
		};
		1500E72D256EBAC7007EC947 /* Build configuration list for PBXNativeTarget "Hepatitis2020Tests" */ = {
			isa = XCConfigurationList;
			buildConfigurations = (
				1500E72E256EBAC7007EC947 /* Debug */,
				1500E72F256EBAC7007EC947 /* Release */,
			);
			defaultConfigurationIsVisible = 0;
			defaultConfigurationName = Release;
		};
		1500E730256EBAC7007EC947 /* Build configuration list for PBXNativeTarget "Hepatitis2020UITests" */ = {
			isa = XCConfigurationList;
			buildConfigurations = (
				1500E731256EBAC7007EC947 /* Debug */,
				1500E732256EBAC7007EC947 /* Release */,
			);
			defaultConfigurationIsVisible = 0;
			defaultConfigurationName = Release;
		};
/* End XCConfigurationList section */

/* Begin XCVersionGroup section */
		1500E709256EBAC1007EC947 /* Hepatitis2020.xcdatamodeld */ = {
			isa = XCVersionGroup;
			children = (
				1500E70A256EBAC1007EC947 /* Hepatitis2020.xcdatamodel */,
			);
			currentVersion = 1500E70A256EBAC1007EC947 /* Hepatitis2020.xcdatamodel */;
			path = Hepatitis2020.xcdatamodeld;
			sourceTree = "<group>";
			versionGroupType = wrapper.xcdatamodel;
		};
/* End XCVersionGroup section */
	};
	rootObject = 1500E6F7256EBAC1007EC947 /* Project object */;
}
